<?xml version="1.0" encoding="utf-8"?>
<Project ToolsVersion="4.0" xmlns="http://schemas.microsoft.com/developer/msbuild/2003">
  <ItemGroup>
    <Filter Include="Source Files">
      <UniqueIdentifier>{4FC737F1-C7A5-4376-A066-2A32D752A2FF}</UniqueIdentifier>
      <Extensions>cpp;c;cc;cxx;def;odl;idl;hpj;bat;asm;asmx</Extensions>
    </Filter>
    <Filter Include="Source Files\Mesh">
      <UniqueIdentifier>{db273801-5239-4134-9a5f-eb598bc972e4}</UniqueIdentifier>
    </Filter>
    <Filter Include="Source Files\ThirdParty">
      <UniqueIdentifier>{a262b940-e443-4e56-b65a-7e9d9126f61f}</UniqueIdentifier>
    </Filter>
    <Filter Include="Source Files\ThirdParty\stb_image">
      <UniqueIdentifier>{10891787-7a85-4b6e-8a75-da84801afa37}</UniqueIdentifier>
    </Filter>
    <Filter Include="Source Files\Importers">
      <UniqueIdentifier>{73c0de51-568c-486b-b747-400f71b18cd9}</UniqueIdentifier>
    </Filter>
    <Filter Include="Source Files\Precompiled Headers">
      <UniqueIdentifier>{10803e6a-b26c-41e4-8b3f-218047b714b7}</UniqueIdentifier>
    </Filter>
    <Filter Include="Source Files\Renderer">
      <UniqueIdentifier>{d49cd30f-9858-472e-956c-6803c7e2db33}</UniqueIdentifier>
    </Filter>
    <Filter Include="Source Files\SculptMesh">
      <UniqueIdentifier>{60719244-c19b-4b96-9fba-45608d625ae8}</UniqueIdentifier>
    </Filter>
    <Filter Include="Source Files\Importers\JSON">
      <UniqueIdentifier>{dc44d6b6-f88a-47df-9d71-e7ff9059fe9e}</UniqueIdentifier>
    </Filter>
    <Filter Include="Source Files\Importers\GLTF">
      <UniqueIdentifier>{04d803b2-4a78-46f4-b3ad-adf8c50a06ad}</UniqueIdentifier>
    </Filter>
    <Filter Include="Source Files\BoundingBox3D">
      <UniqueIdentifier>{fe002ff6-eeae-47dc-a8eb-1e22d760637f}</UniqueIdentifier>
    </Filter>
    <Filter Include="Source Files\Shaders">
      <UniqueIdentifier>{ccd85e4f-9442-46b6-b000-bff55edb8f36}</UniqueIdentifier>
    </Filter>
    <Filter Include="Source Files\Shaders\Mesh">
      <UniqueIdentifier>{49c9dcac-25b7-468a-8797-9464a73b22d1}</UniqueIdentifier>
    </Filter>
  </ItemGroup>
  <ItemGroup>
    <ClCompile Include="Primitives.cpp">
      <Filter>Source Files\Mesh</Filter>
    </ClCompile>
    <ClCompile Include="MeshOps.cpp">
      <Filter>Source Files\Mesh</Filter>
    </ClCompile>
    <ClCompile Include="LinkageMesh.cpp">
      <Filter>Source Files\Mesh</Filter>
    </ClCompile>
    <ClCompile Include="stdafx.cpp">
      <Filter>Source Files\Precompiled Headers</Filter>
    </ClCompile>
    <ClCompile Include="stb_image.cpp">
      <Filter>Source Files\ThirdParty\stb_image</Filter>
    </ClCompile>
    <ClCompile Include="main.cpp">
      <Filter>Source Files</Filter>
    </ClCompile>
    <ClCompile Include="Renderer.cpp">
      <Filter>Source Files\Renderer</Filter>
    </ClCompile>
    <ClCompile Include="FromGLTF.cpp">
      <Filter>Source Files\SculptMesh</Filter>
    </ClCompile>
    <ClCompile Include="JSON_File.cpp">
      <Filter>Source Files\Importers\JSON</Filter>
    </ClCompile>
    <ClCompile Include="GLTF_File.cpp">
      <Filter>Source Files\Importers\GLTF</Filter>
    </ClCompile>
    <ClCompile Include="Base64.cpp">
      <Filter>Source Files\Importers\GLTF</Filter>
    </ClCompile>
    <ClCompile Include="Geometry.cpp">
      <Filter>Source Files\BoundingBox3D</Filter>
    </ClCompile>
    <ClCompile Include="SubPrimitives.cpp">
      <Filter>Source Files\SculptMesh</Filter>
    </ClCompile>
    <ClCompile Include="GPU_ShaderTypesMesh.cpp">
      <Filter>Source Files\Shaders</Filter>
    </ClCompile>
    <ClCompile Include="Application.cpp">
      <Filter>Source Files</Filter>
    </ClCompile>
  </ItemGroup>
  <ItemGroup>
    <ClInclude Include="Primitives.h">
      <Filter>Source Files\Mesh</Filter>
    </ClInclude>
    <ClInclude Include="Meshes.h">
      <Filter>Source Files\Mesh</Filter>
    </ClInclude>
    <ClInclude Include="stdafx.h">
      <Filter>Source Files\Precompiled Headers</Filter>
    </ClInclude>
    <ClInclude Include="stb_image.h">
      <Filter>Source Files\ThirdParty\stb_image</Filter>
    </ClInclude>
    <ClInclude Include="Renderer.hpp">
      <Filter>Source Files\Renderer</Filter>
    </ClInclude>
    <ClInclude Include="SculptMesh.hpp">
      <Filter>Source Files\SculptMesh</Filter>
    </ClInclude>
    <ClInclude Include="JSON_File.hpp">
      <Filter>Source Files\Importers\JSON</Filter>
    </ClInclude>
    <ClInclude Include="GLTF_File.hpp">
      <Filter>Source Files\Importers\GLTF</Filter>
    </ClInclude>
    <ClInclude Include="Geometry.hpp">
      <Filter>Source Files\BoundingBox3D</Filter>
    </ClInclude>
    <ClInclude Include="GPU_ShaderTypesMesh.hpp">
      <Filter>Source Files\Shaders</Filter>
    </ClInclude>
    <ClInclude Include="Application.hpp">
      <Filter>Source Files</Filter>
    </ClInclude>
  </ItemGroup>
  <ItemGroup>
    <FxCompile Include="MeshVS.hlsl">
      <Filter>Source Files\Shaders\Mesh</Filter>
    </FxCompile>
    <FxCompile Include="MeshPS.hlsl">
      <Filter>Source Files\Shaders\Mesh</Filter>
    </FxCompile>
  </ItemGroup>
</Project>