<?xml version="1.0" encoding="utf-8"?>
<Project ToolsVersion="4.0" xmlns="http://schemas.microsoft.com/developer/msbuild/2003">
  <ItemGroup>
    <Filter Include="Source Files">
      <UniqueIdentifier>{4FC737F1-C7A5-4376-A066-2A32D752A2FF}</UniqueIdentifier>
      <Extensions>cpp;c;cc;cxx;def;odl;idl;hpj;bat;asm;asmx</Extensions>
    </Filter>
    <Filter Include="Source Files\Math">
      <UniqueIdentifier>{53783eda-5290-49bb-ae24-ac4fffa0bb81}</UniqueIdentifier>
    </Filter>
    <Filter Include="Source Files\Mesh">
      <UniqueIdentifier>{db273801-5239-4134-9a5f-eb598bc972e4}</UniqueIdentifier>
    </Filter>
    <Filter Include="Source Files\Importer">
      <UniqueIdentifier>{73c0de51-568c-486b-b747-400f71b18cd9}</UniqueIdentifier>
    </Filter>
    <Filter Include="Source Files\Mine">
      <UniqueIdentifier>{10803e6a-b26c-41e4-8b3f-218047b714b7}</UniqueIdentifier>
    </Filter>
    <Filter Include="Source Files\ThirdParty">
      <UniqueIdentifier>{a262b940-e443-4e56-b65a-7e9d9126f61f}</UniqueIdentifier>
    </Filter>
    <Filter Include="Source Files\EntryPoint">
      <UniqueIdentifier>{6cac705a-a616-4a81-bd62-ed76c9977ca6}</UniqueIdentifier>
    </Filter>
    <Filter Include="Source Files\ThirdParty\VulkanMemoryAllocator">
      <UniqueIdentifier>{f30f959c-297e-4e22-8e3a-dd03df043b23}</UniqueIdentifier>
    </Filter>
    <Filter Include="Source Files\ThirdParty\stb_image">
      <UniqueIdentifier>{10891787-7a85-4b6e-8a75-da84801afa37}</UniqueIdentifier>
    </Filter>
    <Filter Include="Source Files\TextureAtlas">
      <UniqueIdentifier>{a17daa4c-fb9d-437f-95cc-188a38c3a23c}</UniqueIdentifier>
    </Filter>
    <Filter Include="Source Files\NewUserInterface">
      <UniqueIdentifier>{a755132e-1fb2-44ea-aa2b-b94efb1bfc2f}</UniqueIdentifier>
    </Filter>
    <Filter Include="Source Files\NewUserInterface\DX11Renderer">
      <UniqueIdentifier>{40aec18c-f127-445c-8184-3ae1b43a054f}</UniqueIdentifier>
    </Filter>
    <Filter Include="Source Files\NewUserInterface\DX11Renderer\Shaders">
      <UniqueIdentifier>{422d0480-18b7-4347-8103-4bef298c0c1a}</UniqueIdentifier>
    </Filter>
    <Filter Include="Source Files\NewUserInterface\VulkanRenderer">
      <UniqueIdentifier>{49af7614-544f-4745-8cc2-ec256a2a0c2a}</UniqueIdentifier>
    </Filter>
    <Filter Include="Source Files\NewUserInterface\VulkanRenderer\VulkanSystems">
      <UniqueIdentifier>{16514fe7-3e9a-409f-8c56-f6c5a9302513}</UniqueIdentifier>
    </Filter>
  </ItemGroup>
  <ItemGroup>
    <ClCompile Include="MathUtils.cpp">
      <Filter>Source Files\Math</Filter>
    </ClCompile>
    <ClCompile Include="MathDefinitions.cpp">
      <Filter>Source Files\Math</Filter>
    </ClCompile>
    <ClCompile Include="Primitives.cpp">
      <Filter>Source Files\Mesh</Filter>
    </ClCompile>
    <ClCompile Include="MeshOps.cpp">
      <Filter>Source Files\Mesh</Filter>
    </ClCompile>
    <ClCompile Include="LinkageMesh.cpp">
      <Filter>Source Files\Mesh</Filter>
    </ClCompile>
    <ClCompile Include="AppLevel.cpp">
      <Filter>Source Files\EntryPoint</Filter>
    </ClCompile>
    <ClCompile Include="MathTypes.cpp">
      <Filter>Source Files\Math</Filter>
    </ClCompile>
    <ClCompile Include="JSONParser.cpp">
      <Filter>Source Files\Importer</Filter>
    </ClCompile>
    <ClCompile Include="GLTFParser.cpp">
      <Filter>Source Files\Importer</Filter>
    </ClCompile>
    <ClCompile Include="vma_implementation.cpp">
      <Filter>Source Files\ThirdParty\VulkanMemoryAllocator</Filter>
    </ClCompile>
    <ClCompile Include="ErrorStuff.cpp">
      <Filter>Source Files\Mine</Filter>
    </ClCompile>
    <ClCompile Include="FileIO.cpp">
      <Filter>Source Files\Mine</Filter>
    </ClCompile>
    <ClCompile Include="Input.cpp">
      <Filter>Source Files\Mine</Filter>
    </ClCompile>
    <ClCompile Include="stdafx.cpp">
      <Filter>Source Files\Mine</Filter>
    </ClCompile>
    <ClCompile Include="main.cpp">
      <Filter>Source Files\EntryPoint</Filter>
    </ClCompile>
    <ClCompile Include="VulkanSystems.cpp">
      <Filter>Source Files\NewUserInterface\VulkanRenderer\VulkanSystems</Filter>
    </ClCompile>
    <ClCompile Include="Pipeline.cpp">
      <Filter>Source Files\NewUserInterface\VulkanRenderer\VulkanSystems</Filter>
    </ClCompile>
    <ClCompile Include="CommandBuffers.cpp">
      <Filter>Source Files\NewUserInterface\VulkanRenderer\VulkanSystems</Filter>
    </ClCompile>
    <ClCompile Include="stb_image.cpp">
      <Filter>Source Files\ThirdParty\stb_image</Filter>
    </ClCompile>
    <ClCompile Include="Resources.cpp">
      <Filter>Source Files\NewUserInterface\VulkanRenderer\VulkanSystems</Filter>
    </ClCompile>
    <ClCompile Include="CommonTypes.cpp">
      <Filter>Source Files\Mine</Filter>
    </ClCompile>
    <ClCompile Include="TextureAtlas.cpp">
      <Filter>Source Files\TextureAtlas</Filter>
    </ClCompile>
    <ClCompile Include="InternalRenderer.cpp">
      <Filter>Source Files\NewUserInterface</Filter>
    </ClCompile>
    <ClCompile Include="DX11ObjectTypes.cpp">
      <Filter>Source Files\NewUserInterface\DX11Renderer</Filter>
    </ClCompile>
    <ClCompile Include="InternalUI.cpp">
      <Filter>Source Files\NewUserInterface</Filter>
    </ClCompile>
    <ClCompile Include="Nui.cpp">
      <Filter>Source Files\NewUserInterface</Filter>
    </ClCompile>
    <ClCompile Include="VulkanRender.cpp">
      <Filter>Source Files\NewUserInterface\VulkanRenderer</Filter>
    </ClCompile>
    <ClCompile Include="GPU_ShaderTypes.cpp">
      <Filter>Source Files\NewUserInterface\VulkanRenderer</Filter>
    </ClCompile>
    <ClCompile Include="VulkanContext.cpp">
      <Filter>Source Files\NewUserInterface\VulkanRenderer\VulkanSystems</Filter>
    </ClCompile>
  </ItemGroup>
  <ItemGroup>
    <ClInclude Include="MathDefinitions.h">
      <Filter>Source Files\Math</Filter>
    </ClInclude>
    <ClInclude Include="MathUtils.h">
      <Filter>Source Files\Math</Filter>
    </ClInclude>
    <ClInclude Include="Primitives.h">
      <Filter>Source Files\Mesh</Filter>
    </ClInclude>
    <ClInclude Include="Meshes.h">
      <Filter>Source Files\Mesh</Filter>
    </ClInclude>
    <ClInclude Include="MathTypes.h">
      <Filter>Source Files\Math</Filter>
    </ClInclude>
    <ClInclude Include="AppLevel.h">
      <Filter>Source Files\EntryPoint</Filter>
    </ClInclude>
    <ClInclude Include="Importer.h">
      <Filter>Source Files\Importer</Filter>
    </ClInclude>
    <ClInclude Include="vk_mem_alloc.h">
      <Filter>Source Files\ThirdParty\VulkanMemoryAllocator</Filter>
    </ClInclude>
    <ClInclude Include="ErrorStuff.h">
      <Filter>Source Files\Mine</Filter>
    </ClInclude>
    <ClInclude Include="FileIO.h">
      <Filter>Source Files\Mine</Filter>
    </ClInclude>
    <ClInclude Include="Input.h">
      <Filter>Source Files\Mine</Filter>
    </ClInclude>
    <ClInclude Include="stdafx.h">
      <Filter>Source Files\Mine</Filter>
    </ClInclude>
    <ClInclude Include="stb_image.h">
      <Filter>Source Files\ThirdParty\stb_image</Filter>
    </ClInclude>
    <ClInclude Include="CommonTypes.h">
      <Filter>Source Files\Mine</Filter>
    </ClInclude>
    <ClInclude Include="TextureAtlas.h">
      <Filter>Source Files\TextureAtlas</Filter>
    </ClInclude>
    <ClInclude Include="DX11ObjectTypes.h">
      <Filter>Source Files\NewUserInterface\DX11Renderer</Filter>
    </ClInclude>
    <ClInclude Include="Internals.h">
      <Filter>Source Files\NewUserInterface</Filter>
    </ClInclude>
    <ClInclude Include="DX11Renderer.h">
      <Filter>Source Files\NewUserInterface\DX11Renderer</Filter>
    </ClInclude>
    <ClInclude Include="Nui.h">
      <Filter>Source Files\NewUserInterface</Filter>
    </ClInclude>
    <ClInclude Include="VulkanRender.h">
      <Filter>Source Files\NewUserInterface\VulkanRenderer</Filter>
    </ClInclude>
    <ClInclude Include="GPU_ShaderTypes.h">
      <Filter>Source Files\NewUserInterface\VulkanRenderer</Filter>
    </ClInclude>
    <ClInclude Include="VulkanSystems.hpp">
      <Filter>Source Files\NewUserInterface\VulkanRenderer\VulkanSystems</Filter>
    </ClInclude>
  </ItemGroup>
  <ItemGroup>
    <FxCompile Include="RectanglePS.hlsl">
      <Filter>Source Files\NewUserInterface\DX11Renderer\Shaders</Filter>
    </FxCompile>
    <FxCompile Include="RectangleVS.hlsl">
      <Filter>Source Files\NewUserInterface\DX11Renderer\Shaders</Filter>
    </FxCompile>
    <FxCompile Include="CirclePS.hlsl">
      <Filter>Source Files\NewUserInterface\DX11Renderer\Shaders</Filter>
    </FxCompile>
  </ItemGroup>
</Project>