<?xml version="1.0" encoding="utf-8"?>
<Project ToolsVersion="4.0" xmlns="http://schemas.microsoft.com/developer/msbuild/2003">
  <ItemGroup>
    <Filter Include="Source Files">
      <UniqueIdentifier>{4FC737F1-C7A5-4376-A066-2A32D752A2FF}</UniqueIdentifier>
      <Extensions>cpp;c;cc;cxx;def;odl;idl;hpj;bat;asm;asmx</Extensions>
    </Filter>
    <Filter Include="Header Files">
      <UniqueIdentifier>{93995380-89BD-4b04-88EB-625FBE52EBFB}</UniqueIdentifier>
      <Extensions>h;hh;hpp;hxx;hm;inl;inc;xsd</Extensions>
    </Filter>
    <Filter Include="Resource Files">
      <UniqueIdentifier>{67DA6AB6-F800-4c08-8B7A-83BB121AAD01}</UniqueIdentifier>
      <Extensions>rc;ico;cur;bmp;dlg;rc2;rct;bin;rgs;gif;jpg;jpeg;jpe;resx;tiff;tif;png;wav;mfcribbon-ms</Extensions>
    </Filter>
    <Filter Include="Source Files\Math">
      <UniqueIdentifier>{53783eda-5290-49bb-ae24-ac4fffa0bb81}</UniqueIdentifier>
    </Filter>
    <Filter Include="Source Files\Renderer">
      <UniqueIdentifier>{49af7614-544f-4745-8cc2-ec256a2a0c2a}</UniqueIdentifier>
    </Filter>
    <Filter Include="Source Files\Buffers">
      <UniqueIdentifier>{66d24e75-1c67-444b-8bc4-0ba9741b5c68}</UniqueIdentifier>
    </Filter>
    <Filter Include="Source Files\Mesh">
      <UniqueIdentifier>{db273801-5239-4134-9a5f-eb598bc972e4}</UniqueIdentifier>
    </Filter>
    <Filter Include="Source Files\AppLevel">
      <UniqueIdentifier>{6cac705a-a616-4a81-bd62-ed76c9977ca6}</UniqueIdentifier>
    </Filter>
  </ItemGroup>
  <ItemGroup>
    <ClCompile Include="main.cpp">
      <Filter>Source Files</Filter>
    </ClCompile>
    <ClCompile Include="FileIO.cpp">
      <Filter>Source Files</Filter>
    </ClCompile>
    <ClCompile Include="VulkanContext.cpp">
      <Filter>Source Files</Filter>
    </ClCompile>
    <ClCompile Include="VulkanMemory.cpp">
      <Filter>Source Files</Filter>
    </ClCompile>
    <ClCompile Include="VulkanFrames.cpp">
      <Filter>Source Files</Filter>
    </ClCompile>
    <ClCompile Include="VulkanCommandPool.cpp">
      <Filter>Source Files</Filter>
    </ClCompile>
    <ClCompile Include="VulkanPipeline.cpp">
      <Filter>Source Files</Filter>
    </ClCompile>
    <ClCompile Include="VulkanCommandBuffers.cpp">
      <Filter>Source Files</Filter>
    </ClCompile>
    <ClCompile Include="stdafx.cpp">
      <Filter>Source Files</Filter>
    </ClCompile>
    <ClCompile Include="MathUtils.cpp">
      <Filter>Source Files\Math</Filter>
    </ClCompile>
    <ClCompile Include="MathDefinitions.cpp">
      <Filter>Source Files\Math</Filter>
    </ClCompile>
    <ClCompile Include="Input.cpp">
      <Filter>Source Files</Filter>
    </ClCompile>
    <ClCompile Include="ErrorStuff.cpp">
      <Filter>Source Files</Filter>
    </ClCompile>
    <ClCompile Include="Buffer.cpp">
      <Filter>Source Files\Buffers</Filter>
    </ClCompile>
    <ClCompile Include="VulkanNodeDependency.cpp">
      <Filter>Source Files</Filter>
    </ClCompile>
    <ClCompile Include="Descriptors.cpp">
      <Filter>Source Files\Buffers</Filter>
    </ClCompile>
    <ClCompile Include="Primitives.cpp">
      <Filter>Source Files\Mesh</Filter>
    </ClCompile>
    <ClCompile Include="MeshOps.cpp">
      <Filter>Source Files\Mesh</Filter>
    </ClCompile>
    <ClCompile Include="VulkanSync.cpp">
      <Filter>Source Files</Filter>
    </ClCompile>
    <ClCompile Include="Renderer.cpp">
      <Filter>Source Files\Renderer</Filter>
    </ClCompile>
    <ClCompile Include="LinkageMesh.cpp">
      <Filter>Source Files\Mesh</Filter>
    </ClCompile>
    <ClCompile Include="VulkanManagement.cpp">
      <Filter>Source Files\Renderer</Filter>
    </ClCompile>
    <ClCompile Include="AppLevel.cpp">
      <Filter>Source Files\AppLevel</Filter>
    </ClCompile>
    <ClCompile Include="Controls.cpp">
      <Filter>Source Files\AppLevel</Filter>
    </ClCompile>
    <ClCompile Include="MathTypes.cpp">
      <Filter>Source Files\Math</Filter>
    </ClCompile>
    <ClCompile Include="Importer.cpp">
      <Filter>Source Files</Filter>
    </ClCompile>
  </ItemGroup>
  <ItemGroup>
    <ClInclude Include="FileIO.h">
      <Filter>Source Files</Filter>
    </ClInclude>
    <ClInclude Include="VulkanMemory.h">
      <Filter>Source Files</Filter>
    </ClInclude>
    <ClInclude Include="VulkanContext.h">
      <Filter>Source Files</Filter>
    </ClInclude>
    <ClInclude Include="VulkanFrames.h">
      <Filter>Source Files</Filter>
    </ClInclude>
    <ClInclude Include="VulkanCommandPool.h">
      <Filter>Source Files</Filter>
    </ClInclude>
    <ClInclude Include="VulkanPipeline.h">
      <Filter>Source Files</Filter>
    </ClInclude>
    <ClInclude Include="VulkanCommandBuffers.h">
      <Filter>Source Files</Filter>
    </ClInclude>
    <ClInclude Include="stdafx.h">
      <Filter>Source Files</Filter>
    </ClInclude>
    <ClInclude Include="MathDefinitions.h">
      <Filter>Source Files\Math</Filter>
    </ClInclude>
    <ClInclude Include="MathUtils.h">
      <Filter>Source Files\Math</Filter>
    </ClInclude>
    <ClInclude Include="Input.h">
      <Filter>Source Files</Filter>
    </ClInclude>
    <ClInclude Include="ErrorStuff.h">
      <Filter>Source Files</Filter>
    </ClInclude>
    <ClInclude Include="Renderer.h">
      <Filter>Source Files\Renderer</Filter>
    </ClInclude>
    <ClInclude Include="VulkanBuffers.h">
      <Filter>Source Files\Buffers</Filter>
    </ClInclude>
    <ClInclude Include="VulkanNodeDependency.h">
      <Filter>Source Files</Filter>
    </ClInclude>
    <ClInclude Include="Primitives.h">
      <Filter>Source Files\Mesh</Filter>
    </ClInclude>
    <ClInclude Include="Meshes.h">
      <Filter>Source Files\Mesh</Filter>
    </ClInclude>
    <ClInclude Include="VulkanSyncronization.h">
      <Filter>Source Files</Filter>
    </ClInclude>
    <ClInclude Include="MathTypes.h">
      <Filter>Source Files\Math</Filter>
    </ClInclude>
    <ClInclude Include="AppLevel.h">
      <Filter>Source Files\AppLevel</Filter>
    </ClInclude>
    <ClInclude Include="Importer.h">
      <Filter>Source Files</Filter>
    </ClInclude>
  </ItemGroup>
</Project>