
Microsoft Visual Studio Solution File, Format Version 12.00
# Visual Studio Version 17
VisualStudioVersion = 17.1.32210.238
MinimumVisualStudioVersion = 10.0.40219.1
Project("{8BC9CEB8-8B4A-11D0-8D11-00A0C91BC942}") = "Sculpt", "Sculpt\Sculpt.vcxproj", "{5A4234BA-9B20-4CD4-B9F0-D7BC800EDB93}"
	ProjectSection(ProjectDependencies) = postProject
		{5692FF15-CF3C-4D63-A7DF-6A9FFA183BF1} = {5692FF15-CF3C-4D63-A7DF-6A9FFA183BF1}
	EndProjectSection
EndProject
Project("{8BC9CEB8-8B4A-11D0-8D11-00A0C91BC942}") = "UserInterface", "UserInterface\UserInterface.vcxproj", "{5692FF15-CF3C-4D63-A7DF-6A9FFA183BF1}"
EndProject
Project("{8BC9CEB8-8B4A-11D0-8D11-00A0C91BC942}") = "Client", "Client\Client.vcxproj", "{E719098B-217B-4BD8-BEB7-586892F924B9}"
	ProjectSection(ProjectDependencies) = postProject
		{5692FF15-CF3C-4D63-A7DF-6A9FFA183BF1} = {5692FF15-CF3C-4D63-A7DF-6A9FFA183BF1}
	EndProjectSection
EndProject
Global
	GlobalSection(SolutionConfigurationPlatforms) = preSolution
		Debug|Any CPU = Debug|Any CPU
		Debug|arm64 = Debug|arm64
		Debug|x64 = Debug|x64
		Debug|x86 = Debug|x86
		Release|Any CPU = Release|Any CPU
		Release|arm64 = Release|arm64
		Release|x64 = Release|x64
		Release|x86 = Release|x86
	EndGlobalSection
	GlobalSection(ProjectConfigurationPlatforms) = postSolution
		{5A4234BA-9B20-4CD4-B9F0-D7BC800EDB93}.Debug|Any CPU.ActiveCfg = Debug|x64
		{5A4234BA-9B20-4CD4-B9F0-D7BC800EDB93}.Debug|Any CPU.Build.0 = Debug|x64
		{5A4234BA-9B20-4CD4-B9F0-D7BC800EDB93}.Debug|arm64.ActiveCfg = Debug|x64
		{5A4234BA-9B20-4CD4-B9F0-D7BC800EDB93}.Debug|arm64.Build.0 = Debug|x64
		{5A4234BA-9B20-4CD4-B9F0-D7BC800EDB93}.Debug|x64.ActiveCfg = Debug|x64
		{5A4234BA-9B20-4CD4-B9F0-D7BC800EDB93}.Debug|x64.Build.0 = Debug|x64
		{5A4234BA-9B20-4CD4-B9F0-D7BC800EDB93}.Debug|x86.ActiveCfg = Debug|x64
		{5A4234BA-9B20-4CD4-B9F0-D7BC800EDB93}.Debug|x86.Build.0 = Debug|x64
		{5A4234BA-9B20-4CD4-B9F0-D7BC800EDB93}.Release|Any CPU.ActiveCfg = Release|x64
		{5A4234BA-9B20-4CD4-B9F0-D7BC800EDB93}.Release|Any CPU.Build.0 = Release|x64
		{5A4234BA-9B20-4CD4-B9F0-D7BC800EDB93}.Release|arm64.ActiveCfg = Release|x64
		{5A4234BA-9B20-4CD4-B9F0-D7BC800EDB93}.Release|arm64.Build.0 = Release|x64
		{5A4234BA-9B20-4CD4-B9F0-D7BC800EDB93}.Release|x64.ActiveCfg = Release|x64
		{5A4234BA-9B20-4CD4-B9F0-D7BC800EDB93}.Release|x64.Build.0 = Release|x64
		{5A4234BA-9B20-4CD4-B9F0-D7BC800EDB93}.Release|x86.ActiveCfg = Release|x64
		{5A4234BA-9B20-4CD4-B9F0-D7BC800EDB93}.Release|x86.Build.0 = Release|x64
		{5692FF15-CF3C-4D63-A7DF-6A9FFA183BF1}.Debug|Any CPU.ActiveCfg = Debug|x64
		{5692FF15-CF3C-4D63-A7DF-6A9FFA183BF1}.Debug|Any CPU.Build.0 = Debug|x64
		{5692FF15-CF3C-4D63-A7DF-6A9FFA183BF1}.Debug|arm64.ActiveCfg = Debug|x64
		{5692FF15-CF3C-4D63-A7DF-6A9FFA183BF1}.Debug|arm64.Build.0 = Debug|x64
		{5692FF15-CF3C-4D63-A7DF-6A9FFA183BF1}.Debug|x64.ActiveCfg = Debug|x64
		{5692FF15-CF3C-4D63-A7DF-6A9FFA183BF1}.Debug|x64.Build.0 = Debug|x64
		{5692FF15-CF3C-4D63-A7DF-6A9FFA183BF1}.Debug|x86.ActiveCfg = Debug|x64
		{5692FF15-CF3C-4D63-A7DF-6A9FFA183BF1}.Debug|x86.Build.0 = Debug|x64
		{5692FF15-CF3C-4D63-A7DF-6A9FFA183BF1}.Release|Any CPU.ActiveCfg = Release|x64
		{5692FF15-CF3C-4D63-A7DF-6A9FFA183BF1}.Release|Any CPU.Build.0 = Release|x64
		{5692FF15-CF3C-4D63-A7DF-6A9FFA183BF1}.Release|arm64.ActiveCfg = Release|x64
		{5692FF15-CF3C-4D63-A7DF-6A9FFA183BF1}.Release|arm64.Build.0 = Release|x64
		{5692FF15-CF3C-4D63-A7DF-6A9FFA183BF1}.Release|x64.ActiveCfg = Release|x64
		{5692FF15-CF3C-4D63-A7DF-6A9FFA183BF1}.Release|x64.Build.0 = Release|x64
		{5692FF15-CF3C-4D63-A7DF-6A9FFA183BF1}.Release|x86.ActiveCfg = Release|x64
		{5692FF15-CF3C-4D63-A7DF-6A9FFA183BF1}.Release|x86.Build.0 = Release|x64
		{E719098B-217B-4BD8-BEB7-586892F924B9}.Debug|Any CPU.ActiveCfg = Debug|x64
		{E719098B-217B-4BD8-BEB7-586892F924B9}.Debug|Any CPU.Build.0 = Debug|x64
		{E719098B-217B-4BD8-BEB7-586892F924B9}.Debug|arm64.ActiveCfg = Debug|x64
		{E719098B-217B-4BD8-BEB7-586892F924B9}.Debug|arm64.Build.0 = Debug|x64
		{E719098B-217B-4BD8-BEB7-586892F924B9}.Debug|x64.ActiveCfg = Debug|x64
		{E719098B-217B-4BD8-BEB7-586892F924B9}.Debug|x64.Build.0 = Debug|x64
		{E719098B-217B-4BD8-BEB7-586892F924B9}.Debug|x86.ActiveCfg = Debug|Win32
		{E719098B-217B-4BD8-BEB7-586892F924B9}.Debug|x86.Build.0 = Debug|Win32
		{E719098B-217B-4BD8-BEB7-586892F924B9}.Release|Any CPU.ActiveCfg = Release|x64
		{E719098B-217B-4BD8-BEB7-586892F924B9}.Release|Any CPU.Build.0 = Release|x64
		{E719098B-217B-4BD8-BEB7-586892F924B9}.Release|arm64.ActiveCfg = Release|x64
		{E719098B-217B-4BD8-BEB7-586892F924B9}.Release|arm64.Build.0 = Release|x64
		{E719098B-217B-4BD8-BEB7-586892F924B9}.Release|x64.ActiveCfg = Release|x64
		{E719098B-217B-4BD8-BEB7-586892F924B9}.Release|x64.Build.0 = Release|x64
		{E719098B-217B-4BD8-BEB7-586892F924B9}.Release|x86.ActiveCfg = Release|Win32
		{E719098B-217B-4BD8-BEB7-586892F924B9}.Release|x86.Build.0 = Release|Win32
	EndGlobalSection
	GlobalSection(SolutionProperties) = preSolution
		HideSolutionNode = FALSE
	EndGlobalSection
	GlobalSection(ExtensibilityGlobals) = postSolution
		SolutionGuid = {CC8E3753-9707-4CD7-8CA8-8B812E296054}
	EndGlobalSection
EndGlobal
