<?xml version="1.0" encoding="utf-8"?>
<Project ToolsVersion="4.0" xmlns="http://schemas.microsoft.com/developer/msbuild/2003">
  <ItemGroup>
    <Filter Include="Precompiled Headers">
      <UniqueIdentifier>{93995380-89BD-4b04-88EB-625FBE52EBFB}</UniqueIdentifier>
      <Extensions>h;hh;hpp;hxx;h++;hm;inl;inc;ipp;xsd</Extensions>
    </Filter>
  </ItemGroup>
  <ItemGroup>
    <ClInclude Include="pch.hpp">
      <Filter>Precompiled Headers</Filter>
    </ClInclude>
    <ClInclude Include="Interface.h" />
    <ClInclude Include="DreamGraphicsAPI\DreamGraphicsAPI.hpp">
      <Filter>Precompiled Headers</Filter>
    </ClInclude>
    <ClInclude Include="ButchersToolbox\Windows\WindowsSpecific.hpp">
      <Filter>Precompiled Headers</Filter>
    </ClInclude>
    <ClInclude Include="ButchersToolbox\Filesys\Filesys.hpp">
      <Filter>Precompiled Headers</Filter>
    </ClInclude>
  </ItemGroup>
  <ItemGroup>
    <ClCompile Include="pch.cpp">
      <Filter>Precompiled Headers</Filter>
    </ClCompile>
    <ClCompile Include="Interface.cpp" />
    <ClCompile Include="DreamGraphicsAPI\Instance.cpp" />
    <ClCompile Include="DreamGraphicsAPI\Device.cpp" />
    <ClCompile Include="ButchersToolbox\Windows\WindowsSpecific.cpp" />
    <ClCompile Include="ButchersToolbox\Filesys\Filesys.cpp" />
    <ClCompile Include="DreamGraphicsAPI\Shader.cpp" />
  </ItemGroup>
  <ItemGroup>
    <None Include="Shaders\Triangle.vert" />
    <None Include="Shaders\SolidColor.frag" />
  </ItemGroup>
</Project>