<?xml version="1.0" encoding="utf-8"?>
<Project ToolsVersion="4.0" xmlns="http://schemas.microsoft.com/developer/msbuild/2003">
  <ItemGroup>
    <Filter Include="Source Files">
      <UniqueIdentifier>{4FC737F1-C7A5-4376-A066-2A32D752A2FF}</UniqueIdentifier>
      <Extensions>cpp;c;cc;cxx;c++;cppm;ixx;def;odl;idl;hpj;bat;asm;asmx</Extensions>
    </Filter>
    <Filter Include="Source Files\Error">
      <UniqueIdentifier>{5d9b2bf5-4668-4ce7-a121-ca6befefd590}</UniqueIdentifier>
    </Filter>
    <Filter Include="Source Files\Precompiled Headers">
      <UniqueIdentifier>{73dafea9-e986-44e7-bf35-748c72a1a77f}</UniqueIdentifier>
    </Filter>
    <Filter Include="Source Files\FileIO">
      <UniqueIdentifier>{88a39a18-e860-46ff-82f9-a1440c6986ea}</UniqueIdentifier>
    </Filter>
    <Filter Include="Source Files\FontRasterization">
      <UniqueIdentifier>{f57a30c7-5ee3-4e46-a968-673ee7040140}</UniqueIdentifier>
    </Filter>
    <Filter Include="Source Files\TextureAtlas">
      <UniqueIdentifier>{7f3ce26e-1a9c-47fd-8b8f-aa0fc1a51854}</UniqueIdentifier>
    </Filter>
    <Filter Include="Source Files\DX11Wrapper">
      <UniqueIdentifier>{82e32baa-7480-46fd-a483-80a26e0545f0}</UniqueIdentifier>
    </Filter>
    <Filter Include="Source Files\Shaders">
      <UniqueIdentifier>{99d9a32f-5e39-481c-bec7-ebcd2bdf3974}</UniqueIdentifier>
    </Filter>
    <Filter Include="Source Files\Shaders\Wrap">
      <UniqueIdentifier>{b98445e5-2983-4445-a73c-32ad25460538}</UniqueIdentifier>
    </Filter>
    <Filter Include="Source Files\Shaders\Chars">
      <UniqueIdentifier>{d09dbbc3-8cea-42fc-98be-72f8b9655f0e}</UniqueIdentifier>
    </Filter>
  </ItemGroup>
  <ItemGroup>
    <ClInclude Include="ErrorStack.hpp">
      <Filter>Source Files\Error</Filter>
    </ClInclude>
    <ClInclude Include="pch.h">
      <Filter>Source Files\Precompiled Headers</Filter>
    </ClInclude>
    <ClInclude Include="FileIO.hpp">
      <Filter>Source Files\FileIO</Filter>
    </ClInclude>
    <ClInclude Include="FontRasterization.hpp">
      <Filter>Source Files\FontRasterization</Filter>
    </ClInclude>
    <ClInclude Include="TextureAtlas.hpp">
      <Filter>Source Files\TextureAtlas</Filter>
    </ClInclude>
    <ClInclude Include="NuiLibrary.hpp">
      <Filter>Source Files</Filter>
    </ClInclude>
    <ClInclude Include="DX11Wrapper.hpp">
      <Filter>Source Files\DX11Wrapper</Filter>
    </ClInclude>
    <ClInclude Include="GPU_ShaderTypes.hpp">
      <Filter>Source Files\Shaders</Filter>
    </ClInclude>
  </ItemGroup>
  <ItemGroup>
    <ClCompile Include="ErrorStack.cpp">
      <Filter>Source Files\Error</Filter>
    </ClCompile>
    <ClCompile Include="pch.cpp">
      <Filter>Source Files\Precompiled Headers</Filter>
    </ClCompile>
    <ClCompile Include="Implementation.cpp">
      <Filter>Source Files</Filter>
    </ClCompile>
    <ClCompile Include="FileIO.cpp">
      <Filter>Source Files\FileIO</Filter>
    </ClCompile>
    <ClCompile Include="FontRasterization.cpp">
      <Filter>Source Files\FontRasterization</Filter>
    </ClCompile>
    <ClCompile Include="TextureAtlas.cpp">
      <Filter>Source Files\TextureAtlas</Filter>
    </ClCompile>
    <ClCompile Include="DX11Wrapper.cpp">
      <Filter>Source Files\DX11Wrapper</Filter>
    </ClCompile>
    <ClCompile Include="GPU_ShaderTypes.cpp">
      <Filter>Source Files\Shaders</Filter>
    </ClCompile>
  </ItemGroup>
  <ItemGroup>
    <FxCompile Include="WrapPS.hlsl">
      <Filter>Source Files\Shaders\Wrap</Filter>
    </FxCompile>
    <FxCompile Include="WrapVS.hlsl">
      <Filter>Source Files\Shaders\Wrap</Filter>
    </FxCompile>
    <FxCompile Include="CharsVS.hlsl">
      <Filter>Source Files\Shaders\Chars</Filter>
    </FxCompile>
    <FxCompile Include="CharsPS.hlsl">
      <Filter>Source Files\Shaders\Chars</Filter>
    </FxCompile>
  </ItemGroup>
</Project>