<?xml version="1.0" encoding="utf-8"?>
<Project ToolsVersion="4.0" xmlns="http://schemas.microsoft.com/developer/msbuild/2003">
  <ItemGroup>
    <Filter Include="CharacterAtlas">
      <UniqueIdentifier>{b37fbf2c-7432-4982-9916-3f0c4dadb7eb}</UniqueIdentifier>
    </Filter>
    <Filter Include="DX11Wrapper">
      <UniqueIdentifier>{82e32baa-7480-46fd-a483-80a26e0545f0}</UniqueIdentifier>
    </Filter>
    <Filter Include="Error">
      <UniqueIdentifier>{5d9b2bf5-4668-4ce7-a121-ca6befefd590}</UniqueIdentifier>
    </Filter>
    <Filter Include="FileIO">
      <UniqueIdentifier>{88a39a18-e860-46ff-82f9-a1440c6986ea}</UniqueIdentifier>
    </Filter>
    <Filter Include="Implementation">
      <UniqueIdentifier>{33fde87f-cb84-4af0-a865-43e7d5aaf9a1}</UniqueIdentifier>
    </Filter>
    <Filter Include="Properties">
      <UniqueIdentifier>{c8ae6e4a-6fc3-4d19-8eea-05c73b4e0a1d}</UniqueIdentifier>
    </Filter>
    <Filter Include="Shaders">
      <UniqueIdentifier>{99d9a32f-5e39-481c-bec7-ebcd2bdf3974}</UniqueIdentifier>
    </Filter>
    <Filter Include="Shaders\Common">
      <UniqueIdentifier>{a08948ce-7c48-4065-af34-cf634b040aec}</UniqueIdentifier>
    </Filter>
    <Filter Include="Shaders\CopyParentsMask">
      <UniqueIdentifier>{8ae53808-a1a0-4065-a60e-277173dfdaba}</UniqueIdentifier>
    </Filter>
    <Filter Include="Shaders\Text">
      <UniqueIdentifier>{d09dbbc3-8cea-42fc-98be-72f8b9655f0e}</UniqueIdentifier>
    </Filter>
    <Filter Include="Shaders\Gradient">
      <UniqueIdentifier>{b98445e5-2983-4445-a73c-32ad25460538}</UniqueIdentifier>
    </Filter>
    <Filter Include="Shaders\Rect">
      <UniqueIdentifier>{b073592b-c266-4e36-8d33-eda29dd37023}</UniqueIdentifier>
    </Filter>
    <Filter Include="Shaders\Circle">
      <UniqueIdentifier>{338d5f24-def0-46fa-8b24-90903b4c8736}</UniqueIdentifier>
    </Filter>
    <Filter Include="UTF-8 Strings">
      <UniqueIdentifier>{cab7ac04-6891-4d54-9634-9ab2bb4c1469}</UniqueIdentifier>
    </Filter>
    <Filter Include="ThirdParty">
      <UniqueIdentifier>{ed53c45e-dbd6-4103-aa0c-3796316eff8d}</UniqueIdentifier>
    </Filter>
    <Filter Include="ThirdParty\utf8">
      <UniqueIdentifier>{10dd3c66-4ace-427f-af77-81a9defb9a30}</UniqueIdentifier>
    </Filter>
  </ItemGroup>
  <ItemGroup>
    <ClInclude Include="ErrorStack.hpp">
      <Filter>Error</Filter>
    </ClInclude>
    <ClInclude Include="DX11Wrapper.hpp">
      <Filter>DX11Wrapper</Filter>
    </ClInclude>
    <ClInclude Include="FilePath.hpp">
      <Filter>FileIO</Filter>
    </ClInclude>
    <ClInclude Include="Properties.hpp">
      <Filter>Properties</Filter>
    </ClInclude>
    <ClInclude Include="DietWindows.hpp" />
    <ClInclude Include="TimeStuff.hpp" />
    <ClInclude Include="CharacterAtlas.hpp">
      <Filter>CharacterAtlas</Filter>
    </ClInclude>
    <ClInclude Include="utf_string.hpp">
      <Filter>UTF-8 Strings</Filter>
    </ClInclude>
    <ClInclude Include="utf8.h">
      <Filter>ThirdParty\utf8</Filter>
    </ClInclude>
    <ClInclude Include="Input.hpp" />
    <ClInclude Include="MathStuff.hpp" />
  </ItemGroup>
  <ItemGroup>
    <ClCompile Include="ErrorStack.cpp">
      <Filter>Error</Filter>
    </ClCompile>
    <ClCompile Include="DX11Wrapper.cpp">
      <Filter>DX11Wrapper</Filter>
    </ClCompile>
    <ClCompile Include="FilePath.cpp">
      <Filter>FileIO</Filter>
    </ClCompile>
    <ClCompile Include="GPU_ShaderTypes.hpp">
      <Filter>Shaders</Filter>
    </ClCompile>
    <ClCompile Include="EventsComponent.cpp">
      <Filter>Implementation</Filter>
    </ClCompile>
    <ClCompile Include="Elements.cpp">
      <Filter>Implementation</Filter>
    </ClCompile>
    <ClCompile Include="Instance.cpp">
      <Filter>Implementation</Filter>
    </ClCompile>
    <ClCompile Include="Window.cpp">
      <Filter>Implementation</Filter>
    </ClCompile>
    <ClCompile Include="TextureAtlas.hpp">
      <Filter>CharacterAtlas</Filter>
    </ClCompile>
    <ClCompile Include="Properties.cpp">
      <Filter>Properties</Filter>
    </ClCompile>
    <ClCompile Include="CharacterAtlas.cpp">
      <Filter>CharacterAtlas</Filter>
    </ClCompile>
    <ClCompile Include="UserInterface.ixx" />
    <ClCompile Include="Container.cpp">
      <Filter>Implementation</Filter>
    </ClCompile>
    <ClCompile Include="utf8string.cpp">
      <Filter>UTF-8 Strings</Filter>
    </ClCompile>
  </ItemGroup>
  <ItemGroup>
    <FxCompile Include="AllVS.hlsl">
      <Filter>Shaders\Common</Filter>
    </FxCompile>
    <FxCompile Include="CopyParentsMaskPS.hlsl">
      <Filter>Shaders\CopyParentsMask</Filter>
    </FxCompile>
    <FxCompile Include="CharPS.hlsl">
      <Filter>Shaders\Text</Filter>
    </FxCompile>
    <FxCompile Include="CharVS.hlsl">
      <Filter>Shaders\Text</Filter>
    </FxCompile>
    <FxCompile Include="RectFlatFillPS.hlsl">
      <Filter>Shaders\Gradient</Filter>
    </FxCompile>
    <FxCompile Include="RectLinearGradient.hlsl">
      <Filter>Shaders\Gradient</Filter>
    </FxCompile>
    <FxCompile Include="RectPS.hlsl">
      <Filter>Shaders\Rect</Filter>
    </FxCompile>
    <FxCompile Include="SimpleVS.hlsl">
      <Filter>Shaders\Common</Filter>
    </FxCompile>
    <FxCompile Include="CirclePS.hlsl">
      <Filter>Shaders\Circle</Filter>
    </FxCompile>
  </ItemGroup>
</Project>