<?xml version="1.0" encoding="utf-8"?>
<Project ToolsVersion="4.0" xmlns="http://schemas.microsoft.com/developer/msbuild/2003">
  <ItemGroup>
    <Filter Include="Source Files">
      <UniqueIdentifier>{4FC737F1-C7A5-4376-A066-2A32D752A2FF}</UniqueIdentifier>
      <Extensions>cpp;c;cc;cxx;c++;cppm;ixx;def;odl;idl;hpj;bat;asm;asmx</Extensions>
    </Filter>
    <Filter Include="Source Files\Error">
      <UniqueIdentifier>{5d9b2bf5-4668-4ce7-a121-ca6befefd590}</UniqueIdentifier>
    </Filter>
    <Filter Include="Source Files\FileIO">
      <UniqueIdentifier>{88a39a18-e860-46ff-82f9-a1440c6986ea}</UniqueIdentifier>
    </Filter>
    <Filter Include="Source Files\DX11Wrapper">
      <UniqueIdentifier>{82e32baa-7480-46fd-a483-80a26e0545f0}</UniqueIdentifier>
    </Filter>
    <Filter Include="Source Files\Shaders">
      <UniqueIdentifier>{99d9a32f-5e39-481c-bec7-ebcd2bdf3974}</UniqueIdentifier>
    </Filter>
    <Filter Include="Source Files\Shaders\Common">
      <UniqueIdentifier>{a08948ce-7c48-4065-af34-cf634b040aec}</UniqueIdentifier>
    </Filter>
    <Filter Include="Source Files\Shaders\CopyParentsMask">
      <UniqueIdentifier>{8ae53808-a1a0-4065-a60e-277173dfdaba}</UniqueIdentifier>
    </Filter>
    <Filter Include="Source Files\Shaders\Text">
      <UniqueIdentifier>{d09dbbc3-8cea-42fc-98be-72f8b9655f0e}</UniqueIdentifier>
    </Filter>
    <Filter Include="Source Files\Shaders\Gradient">
      <UniqueIdentifier>{b98445e5-2983-4445-a73c-32ad25460538}</UniqueIdentifier>
    </Filter>
    <Filter Include="Source Files\Shaders\Rect">
      <UniqueIdentifier>{b073592b-c266-4e36-8d33-eda29dd37023}</UniqueIdentifier>
    </Filter>
    <Filter Include="Source Files\Properties">
      <UniqueIdentifier>{c8ae6e4a-6fc3-4d19-8eea-05c73b4e0a1d}</UniqueIdentifier>
    </Filter>
    <Filter Include="Source Files\Implementation">
      <UniqueIdentifier>{33fde87f-cb84-4af0-a865-43e7d5aaf9a1}</UniqueIdentifier>
    </Filter>
    <Filter Include="Source Files\Shaders\Circle">
      <UniqueIdentifier>{338d5f24-def0-46fa-8b24-90903b4c8736}</UniqueIdentifier>
    </Filter>
  </ItemGroup>
  <ItemGroup>
    <ClInclude Include="ErrorStack.hpp">
      <Filter>Source Files\Error</Filter>
    </ClInclude>
    <ClInclude Include="NuiLibrary.hpp">
      <Filter>Source Files</Filter>
    </ClInclude>
    <ClInclude Include="DX11Wrapper.hpp">
      <Filter>Source Files\DX11Wrapper</Filter>
    </ClInclude>
    <ClInclude Include="FilePath.hpp">
      <Filter>Source Files\FileIO</Filter>
    </ClInclude>
    <ClInclude Include="DietWindows.hpp">
      <Filter>Source Files</Filter>
    </ClInclude>
  </ItemGroup>
  <ItemGroup>
    <ClCompile Include="ErrorStack.cpp">
      <Filter>Source Files\Error</Filter>
    </ClCompile>
    <ClCompile Include="DX11Wrapper.cpp">
      <Filter>Source Files\DX11Wrapper</Filter>
    </ClCompile>
    <ClCompile Include="FilePath.cpp">
      <Filter>Source Files\FileIO</Filter>
    </ClCompile>
    <ClCompile Include="TextureAtlas.ixx">
      <Filter>Source Files</Filter>
    </ClCompile>
    <ClCompile Include="RenderInstanceTypes.ixx">
      <Filter>Source Files</Filter>
    </ClCompile>
    <ClCompile Include="MathStuff.ixx">
      <Filter>Source Files</Filter>
    </ClCompile>
    <ClCompile Include="CharacterAtlas.ixx">
      <Filter>Source Files</Filter>
    </ClCompile>
    <ClCompile Include="GPU_ShaderTypes.ixx">
      <Filter>Source Files\Shaders</Filter>
    </ClCompile>
    <ClCompile Include="Input.ixx">
      <Filter>Source Files</Filter>
    </ClCompile>
    <ClCompile Include="NuiLibrary.ixx">
      <Filter>Source Files\Implementation</Filter>
    </ClCompile>
    <ClCompile Include="Properties.ixx">
      <Filter>Source Files\Properties</Filter>
    </ClCompile>
    <ClCompile Include="EventsComponent.cpp">
      <Filter>Source Files\Implementation</Filter>
    </ClCompile>
    <ClCompile Include="Elements.cpp">
      <Filter>Source Files\Implementation</Filter>
    </ClCompile>
    <ClCompile Include="Instance.cpp">
      <Filter>Source Files\Implementation</Filter>
    </ClCompile>
    <ClCompile Include="Window.cpp">
      <Filter>Source Files\Implementation</Filter>
    </ClCompile>
    <ClCompile Include="Misc.ixx">
      <Filter>Source Files</Filter>
    </ClCompile>
  </ItemGroup>
  <ItemGroup>
    <FxCompile Include="AllVS.hlsl">
      <Filter>Source Files\Shaders\Common</Filter>
    </FxCompile>
    <FxCompile Include="CopyParentsMaskPS.hlsl">
      <Filter>Source Files\Shaders\CopyParentsMask</Filter>
    </FxCompile>
    <FxCompile Include="CharPS.hlsl">
      <Filter>Source Files\Shaders\Text</Filter>
    </FxCompile>
    <FxCompile Include="CharVS.hlsl">
      <Filter>Source Files\Shaders\Text</Filter>
    </FxCompile>
    <FxCompile Include="RectFlatFillPS.hlsl">
      <Filter>Source Files\Shaders\Gradient</Filter>
    </FxCompile>
    <FxCompile Include="RectLinearGradient.hlsl">
      <Filter>Source Files\Shaders\Gradient</Filter>
    </FxCompile>
    <FxCompile Include="RectPS.hlsl">
      <Filter>Source Files\Shaders\Rect</Filter>
    </FxCompile>
    <FxCompile Include="SimpleVS.hlsl">
      <Filter>Source Files\Shaders\Common</Filter>
    </FxCompile>
    <FxCompile Include="CirclePS.hlsl">
      <Filter>Source Files\Shaders\Circle</Filter>
    </FxCompile>
  </ItemGroup>
</Project>